
Microsoft Visual Studio Solution File, Format Version 12.00
# Visual Studio Version 17
VisualStudioVersion = 17.7.34009.444
MinimumVisualStudioVersion = 10.0.40219.1
Project("{FAE04EC0-301F-11D3-BF4B-00C04F79EFBC}") = "ProjectManagement", "ProjectManagement\ProjectManagement.csproj", "{056E8871-D404-40FA-BB2A-8BB3FCAB2298}"
EndProject
Project("{FAE04EC0-301F-11D3-BF4B-00C04F79EFBC}") = "DB", "DB\DB.csproj", "{01E1F71D-8C08-44E9-906A-90D77940BFBB}"
EndProject
Global
	GlobalSection(SolutionConfigurationPlatforms) = preSolution
		Debug|Any CPU = Debug|Any CPU
		Release|Any CPU = Release|Any CPU
	EndGlobalSection
	GlobalSection(ProjectConfigurationPlatforms) = postSolution
		{056E8871-D404-40FA-BB2A-8BB3FCAB2298}.Debug|Any CPU.ActiveCfg = Debug|Any CPU
		{056E8871-D404-40FA-BB2A-8BB3FCAB2298}.Debug|Any CPU.Build.0 = Debug|Any CPU
		{056E8871-D404-40FA-BB2A-8BB3FCAB2298}.Release|Any CPU.ActiveCfg = Release|Any CPU
		{056E8871-D404-40FA-BB2A-8BB3FCAB2298}.Release|Any CPU.Build.0 = Release|Any CPU
		{01E1F71D-8C08-44E9-906A-90D77940BFBB}.Debug|Any CPU.ActiveCfg = Debug|Any CPU
		{01E1F71D-8C08-44E9-906A-90D77940BFBB}.Debug|Any CPU.Build.0 = Debug|Any CPU
		{01E1F71D-8C08-44E9-906A-90D77940BFBB}.Release|Any CPU.ActiveCfg = Release|Any CPU
		{01E1F71D-8C08-44E9-906A-90D77940BFBB}.Release|Any CPU.Build.0 = Release|Any CPU
	EndGlobalSection
	GlobalSection(SolutionProperties) = preSolution
		HideSolutionNode = FALSE
	EndGlobalSection
	GlobalSection(ExtensibilityGlobals) = postSolution
		SolutionGuid = {1BA084AD-D354-44FF-B122-907E006BF426}
	EndGlobalSection
EndGlobal
